PODS:
  - Alamofire (4.9.1)
  - Stripe (18.2.0)

DEPENDENCIES:
  - Alamofire
  - Stripe

SPEC REPOS:
  trunk:
    - Alamofire
    - Stripe

SPEC CHECKSUMS:
  Alamofire: 85e8a02c69d6020a0d734f6054870d7ecb75cf18
  Stripe: a468d5f39703807e840fdfed39572ffad0aaf053

PODFILE CHECKSUM: df01c2ba3d529638d327c083cdf54b9821b82a0c

COCOAPODS: 1.8.4
